{
  "nodes": {
    "agenix": {
      "inputs": {
        "darwin": "darwin",
        "home-manager": "home-manager",
        "nixpkgs": [
          "nixpkgs"
        ],
        "systems": "systems"
      },
      "locked": {
        "lastModified": 1707830867,
        "narHash": "sha256-PAdwm5QqdlwIqGrfzzvzZubM+FXtilekQ/FA0cI49/o=",
        "owner": "ryantm",
        "repo": "agenix",
        "rev": "8cb01a0e717311680e0cbca06a76cbceba6f3ed6",
        "type": "github"
      },
      "original": {
        "owner": "ryantm",
        "repo": "agenix",
        "type": "github"
      }
    },
    "ags": {
      "inputs": {
        "nixpkgs": [
          "nixpkgs"
        ]
      },
      "locked": {
        "lastModified": 1708344886,
        "narHash": "sha256-QY/EvjH0LhcsyQF/tZMJK1p5vjeteCWiXwpZ3cfY8ag=",
        "owner": "Aylur",
        "repo": "ags",
        "rev": "5c23b1e49341e1d11afb540b0bcb77015994b791",
        "type": "github"
      },
      "original": {
        "owner": "Aylur",
        "repo": "ags",
        "type": "github"
      }
    },
    "darwin": {
      "inputs": {
        "nixpkgs": [
          "agenix",
          "nixpkgs"
        ]
      },
      "locked": {
        "lastModified": 1700795494,
        "narHash": "sha256-gzGLZSiOhf155FW7262kdHo2YDeugp3VuIFb4/GGng0=",
        "owner": "lnl7",
        "repo": "nix-darwin",
        "rev": "4b9b83d5a92e8c1fbfd8eb27eda375908c11ec4d",
        "type": "github"
      },
      "original": {
        "owner": "lnl7",
        "ref": "master",
        "repo": "nix-darwin",
        "type": "github"
      }
    },
    "emacs-overlay": {
      "inputs": {
        "flake-utils": "flake-utils",
        "nixpkgs": "nixpkgs",
        "nixpkgs-stable": "nixpkgs-stable"
      },
      "locked": {
        "lastModified": 1708333568,
        "narHash": "sha256-bGGa6QsJ7WktqQ8zpLC5LAgz2y7L8BU2hPabg2fFFYo=",
        "owner": "nix-community",
        "repo": "emacs-overlay",
        "rev": "cc90958e2418d9c9bd8cd0bfbc92ed37ce6c2195",
        "type": "github"
      },
      "original": {
        "owner": "nix-community",
        "repo": "emacs-overlay",
        "type": "github"
      }
    },
    "flake-compat": {
      "flake": false,
      "locked": {
        "lastModified": 1673956053,
        "narHash": "sha256-4gtG9iQuiKITOjNQQeQIpoIB6b16fm+504Ch3sNKLd8=",
        "owner": "edolstra",
        "repo": "flake-compat",
        "rev": "35bb57c0c8d8b62bbfd284272c928ceb64ddbde9",
        "type": "github"
      },
      "original": {
        "owner": "edolstra",
        "repo": "flake-compat",
        "type": "github"
      }
    },
    "flake-utils": {
      "inputs": {
        "systems": "systems_2"
      },
      "locked": {
        "lastModified": 1705309234,
        "narHash": "sha256-uNRRNRKmJyCRC/8y1RqBkqWBLM034y4qN7EprSdmgyA=",
        "owner": "numtide",
        "repo": "flake-utils",
        "rev": "1ef2e671c3b0c19053962c07dbda38332dcebf26",
        "type": "github"
      },
      "original": {
        "owner": "numtide",
        "repo": "flake-utils",
        "type": "github"
      }
    },
    "home-manager": {
      "inputs": {
        "nixpkgs": [
          "agenix",
          "nixpkgs"
        ]
      },
      "locked": {
        "lastModified": 1703113217,
        "narHash": "sha256-7ulcXOk63TIT2lVDSExj7XzFx09LpdSAPtvgtM7yQPE=",
        "owner": "nix-community",
        "repo": "home-manager",
        "rev": "3bfaacf46133c037bb356193bd2f1765d9dc82c1",
        "type": "github"
      },
      "original": {
        "owner": "nix-community",
        "repo": "home-manager",
        "type": "github"
      }
    },
    "home-manager_2": {
      "inputs": {
        "nixpkgs": [
          "nixpkgs"
        ]
      },
      "locked": {
        "lastModified": 1706981411,
        "narHash": "sha256-cLbLPTL1CDmETVh4p0nQtvoF+FSEjsnJTFpTxhXywhQ=",
        "owner": "rycee",
        "repo": "home-manager",
        "rev": "652fda4ca6dafeb090943422c34ae9145787af37",
        "type": "github"
      },
      "original": {
        "owner": "rycee",
        "ref": "release-23.11",
        "repo": "home-manager",
        "type": "github"
      }
    },
    "nixos-hardware": {
      "locked": {
        "lastModified": 1708091350,
        "narHash": "sha256-o28BJYi68qqvHipT7V2jkWxDiMS1LF9nxUsou+eFUPQ=",
        "owner": "nixos",
        "repo": "nixos-hardware",
        "rev": "106d3fec43bcea19cb2e061ca02531d54b542ce3",
        "type": "github"
      },
      "original": {
        "owner": "nixos",
        "repo": "nixos-hardware",
        "type": "github"
      }
    },
    "nixpkgs": {
      "locked": {
        "lastModified": 1708118438,
        "narHash": "sha256-kk9/0nuVgA220FcqH/D2xaN6uGyHp/zoxPNUmPCMmEE=",
        "owner": "NixOS",
        "repo": "nixpkgs",
        "rev": "5863c27340ba4de8f83e7e3c023b9599c3cb3c80",
        "type": "github"
      },
      "original": {
        "owner": "NixOS",
        "ref": "nixos-unstable",
        "repo": "nixpkgs",
        "type": "github"
      }
    },
    "nixpkgs-stable": {
      "locked": {
        "lastModified": 1708161998,
        "narHash": "sha256-6KnemmUorCvlcAvGziFosAVkrlWZGIc6UNT9GUYr0jQ=",
        "owner": "NixOS",
        "repo": "nixpkgs",
        "rev": "84d981bae8b5e783b3b548de505b22880559515f",
        "type": "github"
      },
      "original": {
        "owner": "NixOS",
        "ref": "nixos-23.11",
        "repo": "nixpkgs",
        "type": "github"
      }
    },
    "nixpkgs-unstable": {
      "locked": {
        "lastModified": 1708307464,
        "narHash": "sha256-OloBg9ZCoPrPqy8/ZoaoRB4kza3lKhnI0LuZq5xldhg=",
        "owner": "NixOS",
        "repo": "nixpkgs",
        "rev": "a332040396d7e3c47883e9c115c1da485712805e",
        "type": "github"
      },
      "original": {
        "id": "nixpkgs",
        "ref": "nixpkgs-unstable",
        "type": "indirect"
      }
    },
    "nixpkgs_2": {
      "locked": {
        "lastModified": 1708161998,
        "narHash": "sha256-6KnemmUorCvlcAvGziFosAVkrlWZGIc6UNT9GUYr0jQ=",
        "owner": "NixOS",
        "repo": "nixpkgs",
        "rev": "84d981bae8b5e783b3b548de505b22880559515f",
        "type": "github"
      },
      "original": {
        "id": "nixpkgs",
        "ref": "nixos-23.11",
        "type": "indirect"
      }
    },
    "root": {
      "inputs": {
        "agenix": "agenix",
        "ags": "ags",
        "emacs-overlay": "emacs-overlay",
        "home-manager": "home-manager_2",
        "nixos-hardware": "nixos-hardware",
        "nixpkgs": "nixpkgs_2",
        "nixpkgs-unstable": "nixpkgs-unstable",
        "sddm-catppuccin": "sddm-catppuccin"
      }
    },
    "sddm-catppuccin": {
      "inputs": {
        "flake-compat": "flake-compat",
        "nixpkgs": [
          "nixpkgs"
        ]
      },
      "locked": {
        "lastModified": 1685468525,
        "narHash": "sha256-CaCMrXlwt7JfSycB8WH3XCWUu+i7bPSfFv3duo7ZlZo=",
        "owner": "khaneliman",
        "repo": "sddm-catppuccin",
        "rev": "ffaad5c8964b52ccd92a80dfd3a7931c8b68c446",
        "type": "github"
      },
      "original": {
        "owner": "khaneliman",
        "repo": "sddm-catppuccin",
        "type": "github"
      }
    },
    "systems": {
      "locked": {
        "lastModified": 1681028828,
        "narHash": "sha256-Vy1rq5AaRuLzOxct8nz4T6wlgyUR7zLU309k9mBC768=",
        "owner": "nix-systems",
        "repo": "default",
        "rev": "da67096a3b9bf56a91d16901293e51ba5b49a27e",
        "type": "github"
      },
      "original": {
        "owner": "nix-systems",
        "repo": "default",
        "type": "github"
      }
    },
    "systems_2": {
      "locked": {
        "lastModified": 1681028828,
        "narHash": "sha256-Vy1rq5AaRuLzOxct8nz4T6wlgyUR7zLU309k9mBC768=",
        "owner": "nix-systems",
        "repo": "default",
        "rev": "da67096a3b9bf56a91d16901293e51ba5b49a27e",
        "type": "github"
      },
      "original": {
        "owner": "nix-systems",
        "repo": "default",
        "type": "github"
      }
    }
  },
  "root": "root",
  "version": 7
}
